
Microsoft Visual Studio Solution File, Format Version 12.00
# Visual Studio Version 16
VisualStudioVersion = 16.0.30621.155
MinimumVisualStudioVersion = 10.0.40219.1
Project("{FAE04EC0-301F-11D3-BF4B-00C04F79EFBC}") = "Lint_Wrapper", "Lint_Wrapper\Lint_Wrapper.csproj", "{D986FA65-345B-4B20-99F9-F5EFB443422B}"
EndProject
Global
	GlobalSection(SolutionConfigurationPlatforms) = preSolution
		Debug|Any CPU = Debug|Any CPU
		Release|Any CPU = Release|Any CPU
	EndGlobalSection
	GlobalSection(ProjectConfigurationPlatforms) = postSolution
		{D986FA65-345B-4B20-99F9-F5EFB443422B}.Debug|Any CPU.ActiveCfg = Debug|Any CPU
		{D986FA65-345B-4B20-99F9-F5EFB443422B}.Debug|Any CPU.Build.0 = Debug|Any CPU
		{D986FA65-345B-4B20-99F9-F5EFB443422B}.Release|Any CPU.ActiveCfg = Release|Any CPU
		{D986FA65-345B-4B20-99F9-F5EFB443422B}.Release|Any CPU.Build.0 = Release|Any CPU
	EndGlobalSection
	GlobalSection(SolutionProperties) = preSolution
		HideSolutionNode = FALSE
	EndGlobalSection
	GlobalSection(ExtensibilityGlobals) = postSolution
		SolutionGuid = {6CF4DC31-67C5-4543-8125-B290996A97D0}
	EndGlobalSection
EndGlobal
